
Microsoft Visual Studio Solution File, Format Version 12.00
# Visual Studio 2013
VisualStudioVersion = 12.0.40629.0
MinimumVisualStudioVersion = 10.0.40219.1
Project("{FAE04EC0-301F-11D3-BF4B-00C04F79EFBC}") = "SemanticsAnalizer", "SemanticsAnalizer\SemanticsAnalizer.csproj", "{FDB864FB-4550-42D2-8B1D-DB6E9E371B0A}"
EndProject
Global
	GlobalSection(SolutionConfigurationPlatforms) = preSolution
		Debug|Any CPU = Debug|Any CPU
		Release|Any CPU = Release|Any CPU
	EndGlobalSection
	GlobalSection(ProjectConfigurationPlatforms) = postSolution
		{FDB864FB-4550-42D2-8B1D-DB6E9E371B0A}.Debug|Any CPU.ActiveCfg = Debug|Any CPU
		{FDB864FB-4550-42D2-8B1D-DB6E9E371B0A}.Debug|Any CPU.Build.0 = Debug|Any CPU
		{FDB864FB-4550-42D2-8B1D-DB6E9E371B0A}.Release|Any CPU.ActiveCfg = Release|Any CPU
		{FDB864FB-4550-42D2-8B1D-DB6E9E371B0A}.Release|Any CPU.Build.0 = Release|Any CPU
	EndGlobalSection
	GlobalSection(SolutionProperties) = preSolution
		HideSolutionNode = FALSE
	EndGlobalSection
EndGlobal
